# generated by rye
# use `rye lock` or `rye sync` to update this lockfile
#
# last locked with the following flags:
#   pre: false
#   features: []
#   all-features: false
#   with-sources: false
#   generate-hashes: false
#   universal: false

-e file:.
anndata==0.12.0
    # via anndata2ri
    # via scanpy
anndata2ri==1.3.2
    # via spatial-seq
annoy==1.17.3
    # via pacmap
array-api-compat==1.12.0
    # via anndata
cffi==1.17.1
    # via rpy2-rinterface
colorspacious==1.1.2
    # via glasbey
contourpy==1.3.2
    # via matplotlib
crc32c==2.7.1
    # via numcodecs
cycler==0.12.1
    # via matplotlib
donfig==0.8.1.post1
    # via zarr
et-xmlfile==2.0.0
    # via openpyxl
fonttools==4.59.0
    # via matplotlib
glasbey==0.3.0
    # via spatial-seq
h5py==3.14.0
    # via anndata
    # via scanpy
harmonypy==0.0.10
    # via spatial-seq
igraph==0.11.9
    # via leidenalg
    # via louvain
    # via scanpy
jinja2==3.1.6
    # via rpy2-robjects
joblib==1.5.1
    # via pynndescent
    # via scanpy
    # via scikit-learn
kiwisolver==1.4.8
    # via matplotlib
legacy-api-wrap==1.4.1
    # via anndata
    # via scanpy
leidenalg==0.10.2
    # via scanpy
llvmlite==0.44.0
    # via numba
    # via pynndescent
louvain==0.8.2
    # via scanpy
markupsafe==3.0.2
    # via jinja2
matplotlib==3.10.3
    # via glasbey
    # via scanpy
    # via seaborn
natsort==8.4.0
    # via anndata
    # via scanpy
networkx==3.5
    # via scanpy
numba==0.61.2
    # via glasbey
    # via pacmap
    # via pynndescent
    # via scanpy
    # via umap-learn
numcodecs==0.16.1
    # via zarr
numpy==2.2.6
    # via anndata
    # via colorspacious
    # via contourpy
    # via glasbey
    # via h5py
    # via harmonypy
    # via matplotlib
    # via numba
    # via numcodecs
    # via pacmap
    # via pandas
    # via patsy
    # via scanpy
    # via scikit-learn
    # via scipy
    # via seaborn
    # via statsmodels
    # via umap-learn
    # via zarr
openpyxl==3.1.5
    # via spatial-seq
packaging==25.0
    # via anndata
    # via matplotlib
    # via scanpy
    # via statsmodels
    # via zarr
pacmap==0.8.0
    # via spatial-seq
pandas==2.3.1
    # via anndata
    # via harmonypy
    # via scanpy
    # via seaborn
    # via statsmodels
patsy==1.0.1
    # via scanpy
    # via statsmodels
pillow==11.3.0
    # via matplotlib
pycparser==2.22
    # via cffi
pynndescent==0.5.13
    # via scanpy
    # via umap-learn
pyparsing==3.2.3
    # via matplotlib
python-dateutil==2.9.0.post0
    # via matplotlib
    # via pandas
pytz==2025.2
    # via pandas
pyyaml==6.0.2
    # via donfig
rpy2==3.6.1
    # via anndata2ri
    # via spatial-seq
rpy2-rinterface==3.6.1
    # via rpy2
    # via rpy2-robjects
rpy2-robjects==3.6.1
    # via rpy2
scanpy==1.11.3
    # via spatial-seq
scikit-learn==1.7.1
    # via glasbey
    # via harmonypy
    # via pacmap
    # via pynndescent
    # via scanpy
    # via umap-learn
scipy==1.15.3
    # via anndata
    # via harmonypy
    # via pynndescent
    # via scanpy
    # via scikit-learn
    # via statsmodels
    # via umap-learn
seaborn==0.13.2
    # via scanpy
    # via spatial-seq
session-info2==0.1.2
    # via scanpy
six==1.17.0
    # via python-dateutil
statsmodels==0.14.5
    # via scanpy
texttable==1.7.0
    # via igraph
threadpoolctl==3.6.0
    # via scikit-learn
tqdm==4.67.1
    # via scanpy
    # via umap-learn
typing-extensions==4.14.1
    # via numcodecs
    # via scanpy
    # via zarr
tzdata==2025.2
    # via pandas
tzlocal==5.3.1
    # via anndata2ri
    # via rpy2-robjects
umap-learn==0.5.9.post2
    # via scanpy
zarr==3.1.0
    # via anndata
