# generated by rye
# use `rye lock` or `rye sync` to update this lockfile
#
# last locked with the following flags:
#   pre: false
#   features: []
#   all-features: false
#   with-sources: false
#   generate-hashes: false
#   universal: false

-e file:.
adjusttext==1.3.0
    # via decoupler
aiobotocore==2.23.1
    # via s3fs
aiohappyeyeballs==2.6.1
    # via aiohttp
aiohttp==3.12.14
    # via aiobotocore
    # via ome-zarr
    # via s3fs
    # via squidpy
aioitertools==0.12.0
    # via aiobotocore
aiosignal==1.4.0
    # via aiohttp
alabaster==1.0.0
    # via sphinx
anndata==0.12.2
    # via anndata2ri
    # via decoupler
    # via doubletdetection
    # via liana
    # via mudata
    # via napari-spatialdata
    # via pydeseq2
    # via readfcs
    # via scanpy
    # via scvi
    # via spatial-seq
    # via spatialdata
    # via spatialdata-io
    # via squidpy
anndata2ri==1.3.2
    # via spatial-seq
annotated-types==0.7.0
    # via pydantic
annoy==1.17.3
    # via pacmap
app-model==0.3.2
    # via napari
appdirs==1.4.4
    # via napari
array-api-compat==1.12.0
    # via anndata
asciitree==0.3.3
    # via zarr
asttokens==3.0.0
    # via stack-data
attrs==25.3.0
    # via aiohttp
    # via jsonschema
    # via omnipath
    # via referencing
babel==2.17.0
    # via sphinx
botocore==1.38.46
    # via aiobotocore
build==1.2.2.post1
    # via npe2
cachey==0.2.1
    # via napari
certifi==2025.7.14
    # via napari
    # via pyogrio
    # via pyproj
    # via requests
cffi==1.17.1
    # via rpy2-rinterface
cfgv==3.4.0
    # via pre-commit
charset-normalizer==3.4.2
    # via requests
click==8.2.1
    # via dask
    # via napari-spatialdata
    # via spatialdata
    # via spatialdata-io
    # via typer
cloudpickle==3.1.1
    # via dask
colorcet==3.1.0
    # via datashader
colorspacious==1.1.2
    # via glasbey
comm==0.2.2
    # via ipykernel
contourpy==1.3.2
    # via matplotlib
cycler==0.12.1
    # via matplotlib
    # via napari-spatialdata
    # via squidpy
dask==2024.11.2
    # via dask-expr
    # via dask-image
    # via multiscale-spatial-image
    # via napari
    # via napari-spatialdata
    # via ome-zarr
    # via spatialdata
    # via squidpy
dask-expr==1.1.19
    # via dask
dask-image==2024.5.3
    # via spatialdata
    # via spatialdata-io
    # via squidpy
datashader==0.18.1
    # via xarray-spatial
debugpy==1.8.15
    # via ipykernel
decorator==5.2.1
    # via ipython
decoupler==2.1.1
    # via spatial-seq
deprecated==1.2.18
    # via numcodecs
distlib==0.4.0
    # via virtualenv
dnspython==2.7.0
    # via pymongo
docrep==0.3.2
    # via decoupler
    # via liana
    # via omnipath
    # via squidpy
docstring-parser==0.17.0
    # via magicgui
docutils==0.21.2
    # via sphinx
doubletdetection==4.3.0.post1
    # via spatial-seq
et-xmlfile==2.0.0
    # via openpyxl
executing==2.2.0
    # via stack-data
fasteners==0.19
    # via zarr
fbpca==1.0
    # via geosketch
filelock==3.18.0
    # via torch
    # via virtualenv
flexcache==0.3
    # via pint
flexparser==0.4
    # via pint
flowio==1.4.0
    # via readfcs
fonttools==4.59.0
    # via matplotlib
formulaic==1.2.0
    # via formulaic-contrasts
    # via pydeseq2
formulaic-contrasts==1.0.0
    # via pydeseq2
freetype-py==2.5.1
    # via vispy
frozenlist==1.7.0
    # via aiohttp
    # via aiosignal
fsspec==2025.7.0
    # via dask
    # via ome-zarr
    # via s3fs
    # via spatialdata
    # via squidpy
    # via torch
future==1.0.0
    # via hyperopt
geopandas==1.1.1
    # via napari-spatialdata
    # via spatialdata
geosketch==1.3
    # via spatial-seq
glasbey==0.3.0
    # via spatial-seq
gprofiler-official==1.0.0
    # via spatial-seq
gseapy==1.1.9
    # via spatial-seq
h5py==3.14.0
    # via anndata
    # via scanpy
    # via scvi
    # via spatialdata-io
harmonypy==0.0.10
    # via spatial-seq
heapdict==1.0.1
    # via cachey
hsluv==5.0.4
    # via vispy
hyperopt==0.1.2
    # via scvi
identify==2.6.13
    # via pre-commit
idna==3.10
    # via requests
    # via yarl
igraph==0.11.9
    # via leidenalg
    # via louvain
    # via scanpy
imagecodecs==2025.3.30
    # via spatialdata-io
imageio==2.37.0
    # via napari
    # via napari-svg
    # via pims
    # via scikit-image
imagesize==1.4.1
    # via sphinx
in-n-out==0.2.1
    # via app-model
inflect==7.5.0
    # via omnipath
interface-meta==1.3.0
    # via formulaic
ipykernel==6.30.0
    # via napari-console
    # via qtconsole
ipython==9.4.0
    # via ipykernel
    # via napari-console
ipython-pygments-lexers==1.1.1
    # via ipython
jedi==0.19.2
    # via ipython
jinja2==3.1.6
    # via rpy2-robjects
    # via sphinx
    # via torch
jmespath==1.0.1
    # via aiobotocore
    # via botocore
joblib==1.5.1
    # via pynndescent
    # via scanpy
    # via scikit-learn
    # via spatialdata-io
jsonschema==4.25.0
    # via napari
jsonschema-specifications==2025.4.1
    # via jsonschema
jupyter-client==8.6.3
    # via ipykernel
    # via qtconsole
jupyter-core==5.8.1
    # via ipykernel
    # via jupyter-client
    # via qtconsole
kiwisolver==1.4.8
    # via matplotlib
    # via vispy
lazy-loader==0.4
    # via napari
    # via scikit-image
legacy-api-wrap==1.4.1
    # via anndata
    # via scanpy
legendkit==0.3.6
    # via marsilea
leidenalg==0.10.2
    # via phenograph
    # via scanpy
liana==1.5.1
    # via spatial-seq
llvmlite==0.44.0
    # via numba
    # via pynndescent
locket==1.0.0
    # via partd
loguru==0.7.3
    # via napari-spatialdata
louvain==0.8.2
    # via scanpy
magicgui==0.10.1
    # via napari
markdown-it-py==3.0.0
    # via rich
markupsafe==3.0.2
    # via jinja2
marsilea==0.5.4
    # via decoupler
matplotlib==3.10.3
    # via adjusttext
    # via doubletdetection
    # via glasbey
    # via gseapy
    # via legendkit
    # via marsilea
    # via matplotlib-scalebar
    # via napari-matplotlib
    # via napari-spatialdata
    # via plotnine
    # via pydeseq2
    # via scanpy
    # via scvi
    # via seaborn
    # via spatialdata-plot
    # via squidpy
    # via tangram-sc
matplotlib-inline==0.1.7
    # via ipykernel
    # via ipython
matplotlib-scalebar==0.9.0
    # via spatialdata-plot
    # via squidpy
mdurl==0.1.2
    # via markdown-it-py
mizani==0.14.2
    # via plotnine
more-itertools==10.7.0
    # via inflect
mpmath==1.3.0
    # via sympy
mudata==0.3.2
    # via liana
multidict==6.6.3
    # via aiobotocore
    # via aiohttp
    # via yarl
multipledispatch==1.0.0
    # via datashader
multiscale-spatial-image==2.0.2
    # via spatialdata
napari==0.5.5
    # via napari-matplotlib
    # via napari-spatialdata
napari-console==0.1.3
    # via napari
napari-matplotlib==3.0.0
    # via napari-spatialdata
napari-plugin-engine==0.2.0
    # via napari
napari-spatialdata==0.5.6
    # via spatial-seq
    # via spatialdata
napari-svg==0.2.1
    # via napari
narwhals==2.1.2
    # via formulaic
natsort==8.4.0
    # via anndata
    # via scanpy
nest-asyncio==1.6.0
    # via ipykernel
networkx==3.5
    # via hyperopt
    # via scanpy
    # via scikit-image
    # via spatialdata
    # via squidpy
    # via torch
nodeenv==1.9.1
    # via pre-commit
npe2==0.7.9
    # via napari
numba==0.61.2
    # via datashader
    # via decoupler
    # via glasbey
    # via liana
    # via napari-spatialdata
    # via pacmap
    # via pynndescent
    # via scanpy
    # via spatialdata
    # via squidpy
    # via umap-learn
    # via xarray-spatial
numcodecs==0.15.1
    # via zarr
numpy==2.2.6
    # via adjusttext
    # via anndata
    # via colorspacious
    # via contourpy
    # via dask
    # via dask-image
    # via datashader
    # via doubletdetection
    # via flowio
    # via formulaic
    # via geopandas
    # via geosketch
    # via glasbey
    # via gseapy
    # via h5py
    # via harmonypy
    # via hyperopt
    # via imagecodecs
    # via imageio
    # via marsilea
    # via matplotlib
    # via mizani
    # via multiscale-spatial-image
    # via napari
    # via napari-matplotlib
    # via napari-spatialdata
    # via napari-svg
    # via numba
    # via numcodecs
    # via ome-zarr
    # via pacmap
    # via pandas
    # via patsy
    # via phenograph
    # via pims
    # via plotnine
    # via pydeseq2
    # via pyogrio
    # via pyqtgraph
    # via pyscipopt
    # via scanpy
    # via scikit-image
    # via scikit-learn
    # via scikit-misc
    # via scipy
    # via scvi
    # via seaborn
    # via shapely
    # via spatial-image
    # via spatialdata
    # via spatialdata-io
    # via squidpy
    # via statsmodels
    # via tangram-sc
    # via tifffile
    # via umap-learn
    # via vispy
    # via xarray
    # via xarray-dataclasses
    # via xarray-schema
    # via xarray-spatial
    # via zarr
numpydoc==1.9.0
    # via napari
nvidia-cublas-cu12==12.6.4.1
    # via nvidia-cudnn-cu12
    # via nvidia-cusolver-cu12
    # via torch
nvidia-cuda-cupti-cu12==12.6.80
    # via torch
nvidia-cuda-nvrtc-cu12==12.6.77
    # via torch
nvidia-cuda-runtime-cu12==12.6.77
    # via torch
nvidia-cudnn-cu12==9.5.1.17
    # via torch
nvidia-cufft-cu12==11.3.0.4
    # via torch
nvidia-cufile-cu12==1.11.1.6
    # via torch
nvidia-curand-cu12==10.3.7.77
    # via torch
nvidia-cusolver-cu12==11.7.1.2
    # via torch
nvidia-cusparse-cu12==12.5.4.2
    # via nvidia-cusolver-cu12
    # via torch
nvidia-cusparselt-cu12==0.6.3
    # via torch
nvidia-nccl-cu12==2.26.2
    # via torch
nvidia-nvjitlink-cu12==12.6.85
    # via nvidia-cufft-cu12
    # via nvidia-cusolver-cu12
    # via nvidia-cusparse-cu12
    # via torch
nvidia-nvtx-cu12==12.6.77
    # via torch
ome-types==0.6.1
    # via spatialdata-io
ome-zarr==0.11.1
    # via spatialdata
omnipath==1.0.12
    # via squidpy
openpyxl==3.1.5
    # via spatial-seq
packaging==25.0
    # via anndata
    # via build
    # via dask
    # via datashader
    # via geopandas
    # via ipykernel
    # via lazy-loader
    # via matplotlib
    # via napari-spatialdata
    # via omnipath
    # via pims
    # via pooch
    # via pyogrio
    # via qtconsole
    # via qtpy
    # via scanpy
    # via scikit-image
    # via sphinx
    # via statsmodels
    # via vispy
    # via xarray
    # via xarray-datatree
pacmap==0.8.0
    # via spatial-seq
pandas==2.3.1
    # via anndata
    # via dask
    # via dask-expr
    # via dask-image
    # via datashader
    # via formulaic
    # via formulaic-contrasts
    # via geopandas
    # via gseapy
    # via harmonypy
    # via marsilea
    # via mizani
    # via napari
    # via napari-spatialdata
    # via omnipath
    # via plotnine
    # via pydeseq2
    # via scanpy
    # via scvi
    # via seaborn
    # via spatialdata
    # via squidpy
    # via statsmodels
    # via tangram-sc
    # via xarray
param==2.2.1
    # via datashader
    # via pyct
parso==0.8.4
    # via jedi
partd==1.4.2
    # via dask
patsy==1.0.1
    # via scanpy
    # via statsmodels
pexpect==4.9.0
    # via ipython
phenograph==1.5.7
    # via doubletdetection
pillow==11.3.0
    # via imageio
    # via matplotlib
    # via napari
    # via napari-spatialdata
    # via scikit-image
    # via squidpy
pims==0.7
    # via dask-image
pint==0.24.4
    # via napari
pip==25.2
    # via tangram-sc
platformdirs==4.3.8
    # via jupyter-core
    # via marsilea
    # via npe2
    # via pint
    # via pooch
    # via virtualenv
plotnine==0.15.0
    # via liana
pooch==1.8.2
    # via scikit-image
    # via spatialdata
pre-commit==4.3.0
    # via liana
prompt-toolkit==3.0.51
    # via ipython
propcache==0.3.2
    # via aiohttp
    # via yarl
psutil==7.0.0
    # via ipykernel
    # via napari
    # via phenograph
psygnal==0.14.0
    # via app-model
    # via magicgui
    # via napari
    # via npe2
ptyprocess==0.7.0
    # via pexpect
pure-eval==0.2.3
    # via stack-data
pyarrow==21.0.0
    # via dask-expr
    # via pandas
    # via spatialdata
    # via spatialdata-io
pyconify==0.2.1
    # via superqt
pycparser==2.22
    # via cffi
pyct==0.5.0
    # via datashader
pydantic==2.11.7
    # via app-model
    # via napari
    # via npe2
    # via ome-types
    # via pydantic-compat
    # via pydantic-extra-types
pydantic-compat==0.1.2
    # via app-model
pydantic-core==2.33.2
    # via pydantic
pydantic-extra-types==2.10.5
    # via ome-types
pydeseq2==0.5.2
    # via spatial-seq
pygments==2.19.2
    # via ipython
    # via ipython-pygments-lexers
    # via napari
    # via qtconsole
    # via rich
    # via sphinx
    # via superqt
pymongo==4.13.2
    # via hyperopt
pynndescent==0.5.13
    # via scanpy
    # via umap-learn
pyogrio==0.11.0
    # via geopandas
pyopengl==3.1.9
    # via napari
pyparsing==3.2.3
    # via matplotlib
pyproj==3.7.1
    # via geopandas
pyproject-hooks==1.2.0
    # via build
pyqt5==5.15.11
    # via napari
pyqt5-qt5==5.15.17
    # via pyqt5
pyqt5-sip==12.17.0
    # via pyqt5
pyqtgraph==0.13.7
    # via napari-spatialdata
pyscipopt==5.5.0
    # via liana
python-dateutil==2.9.0.post0
    # via aiobotocore
    # via botocore
    # via jupyter-client
    # via matplotlib
    # via multiscale-spatial-image
    # via pandas
pytz==2025.2
    # via pandas
pyyaml==6.0.2
    # via dask
    # via napari
    # via npe2
    # via pre-commit
pyzmq==27.0.0
    # via ipykernel
    # via jupyter-client
qtconsole==5.6.1
    # via napari-console
qtpy==2.4.3
    # via magicgui
    # via napari
    # via napari-console
    # via napari-spatialdata
    # via qtconsole
    # via superqt
readfcs==2.0.1
    # via spatialdata-io
referencing==0.36.2
    # via jsonschema
    # via jsonschema-specifications
requests==2.32.4
    # via datashader
    # via decoupler
    # via gprofiler-official
    # via gseapy
    # via ome-zarr
    # via omnipath
    # via pooch
    # via pyconify
    # via sphinx
rich==14.0.0
    # via npe2
    # via spatialdata
    # via typer
roman-numerals-py==3.1.0
    # via sphinx
rpds-py==0.26.0
    # via jsonschema
    # via referencing
rpy2==3.6.1
    # via anndata2ri
    # via spatial-seq
rpy2-rinterface==3.6.1
    # via rpy2
    # via rpy2-robjects
rpy2-robjects==3.6.1
    # via rpy2
s3fs==2025.7.0
    # via fsspec
scanpy==1.11.3
    # via doubletdetection
    # via liana
    # via napari-spatialdata
    # via scvi
    # via spatial-seq
    # via spatialdata-io
    # via spatialdata-plot
    # via squidpy
    # via tangram-sc
scikit-image==0.25.2
    # via napari
    # via ome-zarr
    # via spatial-seq
    # via spatialdata
    # via spatialdata-io
    # via squidpy
scikit-learn==1.7.1
    # via geosketch
    # via glasbey
    # via harmonypy
    # via napari-spatialdata
    # via pacmap
    # via phenograph
    # via pydeseq2
    # via pynndescent
    # via scanpy
    # via scvi
    # via spatialdata-plot
    # via squidpy
    # via tangram-sc
    # via umap-learn
scikit-misc==0.5.1
    # via scvi
scipy==1.15.3
    # via adjusttext
    # via anndata
    # via dask-image
    # via datashader
    # via decoupler
    # via doubletdetection
    # via formulaic
    # via gseapy
    # via harmonypy
    # via hyperopt
    # via marsilea
    # via mizani
    # via napari
    # via napari-spatialdata
    # via phenograph
    # via plotnine
    # via pydeseq2
    # via pynndescent
    # via scanpy
    # via scikit-image
    # via scikit-learn
    # via spatialdata
    # via statsmodels
    # via tangram-sc
    # via umap-learn
scvi==0.6.8
    # via spatial-seq
seaborn==0.13.2
    # via marsilea
    # via scanpy
    # via spatial-seq
    # via tangram-sc
session-info==1.0.1
    # via formulaic-contrasts
session-info2==0.1.2
    # via decoupler
    # via scanpy
setuptools==80.9.0
    # via phenograph
    # via spatialdata
    # via torch
    # via triton
shapely==2.1.1
    # via geopandas
    # via napari-spatialdata
    # via spatialdata
shellingham==1.5.4
    # via typer
six==1.17.0
    # via docrep
    # via hyperopt
    # via python-dateutil
slicerator==1.1.0
    # via pims
snowballstemmer==3.0.1
    # via sphinx
spatial-image==1.2.1
    # via multiscale-spatial-image
    # via spatialdata
spatialdata==0.4.0
    # via napari-spatialdata
    # via spatial-seq
    # via spatialdata-io
    # via spatialdata-plot
    # via squidpy
spatialdata-io==0.2.0
    # via spatialdata
spatialdata-plot==0.2.10
    # via spatialdata
sphinx==8.2.3
    # via numpydoc
sphinxcontrib-applehelp==2.0.0
    # via sphinx
sphinxcontrib-devhelp==2.0.0
    # via sphinx
sphinxcontrib-htmlhelp==2.1.0
    # via sphinx
sphinxcontrib-jsmath==1.0.1
    # via sphinx
sphinxcontrib-qthelp==2.0.0
    # via sphinx
sphinxcontrib-serializinghtml==2.0.0
    # via sphinx
squidpy==1.6.5
    # via spatial-seq
stack-data==0.6.3
    # via ipython
statsmodels==0.14.5
    # via plotnine
    # via scanpy
    # via squidpy
stdlib-list==0.11.1
    # via session-info
superqt==0.7.5
    # via magicgui
    # via napari
    # via napari-spatialdata
sympy==1.14.0
    # via torch
tangram-sc==1.0.4
    # via spatial-seq
texttable==1.7.0
    # via igraph
threadpoolctl==3.6.0
    # via scikit-learn
tifffile==2025.6.11
    # via dask-image
    # via napari
    # via pims
    # via scikit-image
    # via spatialdata-io
    # via squidpy
tinycss2==1.4.0
    # via napari-matplotlib
tomli-w==1.2.0
    # via npe2
toolz==1.0.0
    # via dask
    # via datashader
    # via napari
    # via ome-zarr
    # via partd
torch==2.7.1
    # via scvi
    # via tangram-sc
tornado==6.5.1
    # via ipykernel
    # via jupyter-client
tqdm==4.67.1
    # via decoupler
    # via doubletdetection
    # via hyperopt
    # via liana
    # via napari
    # via omnipath
    # via scanpy
    # via scvi
    # via spatial-seq
    # via squidpy
    # via tangram-sc
    # via umap-learn
traitlets==5.14.3
    # via comm
    # via ipykernel
    # via ipython
    # via jupyter-client
    # via jupyter-core
    # via matplotlib-inline
    # via qtconsole
triton==3.3.1
    # via torch
typeguard==4.4.4
    # via inflect
typer==0.16.0
    # via npe2
typing-extensions==4.14.1
    # via aiosignal
    # via app-model
    # via flexcache
    # via flexparser
    # via formulaic
    # via magicgui
    # via napari
    # via napari-spatialdata
    # via omnipath
    # via pint
    # via pydantic
    # via pydantic-core
    # via pydantic-extra-types
    # via referencing
    # via scanpy
    # via spatialdata
    # via superqt
    # via torch
    # via typeguard
    # via typer
    # via typing-inspection
    # via xarray-dataclasses
    # via xsdata
typing-inspection==0.4.1
    # via pydantic
tzdata==2025.2
    # via pandas
tzlocal==5.3.1
    # via anndata2ri
    # via rpy2-robjects
umap-learn==0.5.9.post2
    # via scanpy
urllib3==2.5.0
    # via botocore
    # via omnipath
    # via requests
validators==0.35.0
    # via squidpy
virtualenv==20.34.0
    # via pre-commit
vispy==0.14.3
    # via napari
    # via napari-spatialdata
    # via napari-svg
wcwidth==0.2.13
    # via prompt-toolkit
webencodings==0.5.1
    # via tinycss2
wrapt==1.17.2
    # via aiobotocore
    # via deprecated
    # via formulaic
    # via napari
    # via omnipath
xarray==2024.11.0
    # via datashader
    # via multiscale-spatial-image
    # via napari-spatialdata
    # via spatial-image
    # via spatialdata
    # via squidpy
    # via xarray-dataclasses
    # via xarray-datatree
    # via xarray-schema
    # via xarray-spatial
xarray-dataclasses==1.9.1
    # via spatial-image
    # via spatialdata
xarray-datatree==0.0.14
    # via napari-spatialdata
xarray-schema==0.0.3
    # via spatialdata
xarray-spatial==0.4.0
    # via spatialdata
xlrd==2.0.2
    # via scvi
xsdata==24.3.1
    # via ome-types
yarl==1.20.1
    # via aiohttp
zarr==2.18.7
    # via anndata
    # via multiscale-spatial-image
    # via ome-zarr
    # via spatialdata
    # via squidpy
